
Microsoft Visual Studio Solution File, Format Version 12.00
# Visual Studio 15
VisualStudioVersion = 15.0.27130.2010
MinimumVisualStudioVersion = 10.0.40219.1
Project("{9A19103F-16F7-4668-BE54-9A1E7A4F7556}") = "Sia.Playbook", "Sia.Playbook\Sia.Playbook.csproj", "{EBAB6618-A734-4116-A700-79594CCFD65D}"
EndProject
Project("{9A19103F-16F7-4668-BE54-9A1E7A4F7556}") = "Sia.Domain", "Sia-Root\Domain\Sia.Domain\Sia.Domain.csproj", "{2B9033DC-A828-49AE-9977-06ED1ECD1DB6}"
EndProject
Project("{9A19103F-16F7-4668-BE54-9A1E7A4F7556}") = "Sia.Domain.ApiModels", "Sia-Root\Domain\Sia.Domain.ApiModels\Sia.Domain.ApiModels.csproj", "{2DFE85EE-1ACE-4F36-97F6-3F013748F52C}"
EndProject
Project("{2150E333-8FDC-42A3-9474-1A3956D46DE8}") = "Domain", "Domain", "{E832BDC8-4458-45DB-A3F1-18D6137B2B3D}"
EndProject
Project("{2150E333-8FDC-42A3-9474-1A3956D46DE8}") = "src", "src", "{D72BB6E8-DB8C-40A8-ABC3-E1B0C5ABAE38}"
EndProject
Project("{2150E333-8FDC-42A3-9474-1A3956D46DE8}") = "test", "test", "{1A665250-86CC-44BE-A298-1C1E99A4FE64}"
EndProject
Project("{9A19103F-16F7-4668-BE54-9A1E7A4F7556}") = "Sia.Playbook.Test", "Sia.Playbook.Test\Sia.Playbook.Test.csproj", "{365AC24A-C54E-4EF6-8365-ADA7E42F6D7E}"
EndProject
Project("{9A19103F-16F7-4668-BE54-9A1E7A4F7556}") = "Sia.Core", "Sia-Root\Domain\Sia.Core\Sia.Core.csproj", "{DD57458A-CBF5-4ABD-972D-A0EA9706A99F}"
EndProject
Project("{9A19103F-16F7-4668-BE54-9A1E7A4F7556}") = "Sia.Shared.Tests", "Sia-Root\Domain\Sia.Shared.Tests\Sia.Shared.Tests.csproj", "{CBB16E98-829E-4B86-8946-15B2349A4FFB}"
EndProject
Global
	GlobalSection(SolutionConfigurationPlatforms) = preSolution
		Debug|Any CPU = Debug|Any CPU
		Release|Any CPU = Release|Any CPU
	EndGlobalSection
	GlobalSection(ProjectConfigurationPlatforms) = postSolution
		{EBAB6618-A734-4116-A700-79594CCFD65D}.Debug|Any CPU.ActiveCfg = Debug|Any CPU
		{EBAB6618-A734-4116-A700-79594CCFD65D}.Debug|Any CPU.Build.0 = Debug|Any CPU
		{EBAB6618-A734-4116-A700-79594CCFD65D}.Release|Any CPU.ActiveCfg = Release|Any CPU
		{EBAB6618-A734-4116-A700-79594CCFD65D}.Release|Any CPU.Build.0 = Release|Any CPU
		{2B9033DC-A828-49AE-9977-06ED1ECD1DB6}.Debug|Any CPU.ActiveCfg = Debug|Any CPU
		{2B9033DC-A828-49AE-9977-06ED1ECD1DB6}.Debug|Any CPU.Build.0 = Debug|Any CPU
		{2B9033DC-A828-49AE-9977-06ED1ECD1DB6}.Release|Any CPU.ActiveCfg = Release|Any CPU
		{2B9033DC-A828-49AE-9977-06ED1ECD1DB6}.Release|Any CPU.Build.0 = Release|Any CPU
		{2DFE85EE-1ACE-4F36-97F6-3F013748F52C}.Debug|Any CPU.ActiveCfg = Debug|Any CPU
		{2DFE85EE-1ACE-4F36-97F6-3F013748F52C}.Debug|Any CPU.Build.0 = Debug|Any CPU
		{2DFE85EE-1ACE-4F36-97F6-3F013748F52C}.Release|Any CPU.ActiveCfg = Release|Any CPU
		{2DFE85EE-1ACE-4F36-97F6-3F013748F52C}.Release|Any CPU.Build.0 = Release|Any CPU
		{365AC24A-C54E-4EF6-8365-ADA7E42F6D7E}.Debug|Any CPU.ActiveCfg = Debug|Any CPU
		{365AC24A-C54E-4EF6-8365-ADA7E42F6D7E}.Debug|Any CPU.Build.0 = Debug|Any CPU
		{365AC24A-C54E-4EF6-8365-ADA7E42F6D7E}.Release|Any CPU.ActiveCfg = Release|Any CPU
		{365AC24A-C54E-4EF6-8365-ADA7E42F6D7E}.Release|Any CPU.Build.0 = Release|Any CPU
		{DD57458A-CBF5-4ABD-972D-A0EA9706A99F}.Debug|Any CPU.ActiveCfg = Debug|Any CPU
		{DD57458A-CBF5-4ABD-972D-A0EA9706A99F}.Debug|Any CPU.Build.0 = Debug|Any CPU
		{DD57458A-CBF5-4ABD-972D-A0EA9706A99F}.Release|Any CPU.ActiveCfg = Release|Any CPU
		{DD57458A-CBF5-4ABD-972D-A0EA9706A99F}.Release|Any CPU.Build.0 = Release|Any CPU
		{CBB16E98-829E-4B86-8946-15B2349A4FFB}.Debug|Any CPU.ActiveCfg = Debug|Any CPU
		{CBB16E98-829E-4B86-8946-15B2349A4FFB}.Debug|Any CPU.Build.0 = Debug|Any CPU
		{CBB16E98-829E-4B86-8946-15B2349A4FFB}.Release|Any CPU.ActiveCfg = Release|Any CPU
		{CBB16E98-829E-4B86-8946-15B2349A4FFB}.Release|Any CPU.Build.0 = Release|Any CPU
	EndGlobalSection
	GlobalSection(SolutionProperties) = preSolution
		HideSolutionNode = FALSE
	EndGlobalSection
	GlobalSection(NestedProjects) = preSolution
		{EBAB6618-A734-4116-A700-79594CCFD65D} = {D72BB6E8-DB8C-40A8-ABC3-E1B0C5ABAE38}
		{2B9033DC-A828-49AE-9977-06ED1ECD1DB6} = {E832BDC8-4458-45DB-A3F1-18D6137B2B3D}
		{2DFE85EE-1ACE-4F36-97F6-3F013748F52C} = {E832BDC8-4458-45DB-A3F1-18D6137B2B3D}
		{365AC24A-C54E-4EF6-8365-ADA7E42F6D7E} = {1A665250-86CC-44BE-A298-1C1E99A4FE64}
		{DD57458A-CBF5-4ABD-972D-A0EA9706A99F} = {E832BDC8-4458-45DB-A3F1-18D6137B2B3D}
		{CBB16E98-829E-4B86-8946-15B2349A4FFB} = {E832BDC8-4458-45DB-A3F1-18D6137B2B3D}
	EndGlobalSection
	GlobalSection(ExtensibilityGlobals) = postSolution
		SolutionGuid = {46686952-22ED-4D21-A997-57CA024B54EA}
	EndGlobalSection
EndGlobal
